
Microsoft Visual Studio Solution File, Format Version 12.00
# Visual Studio Version 17
VisualStudioVersion = 17.13.35825.156 d17.13
MinimumVisualStudioVersion = 10.0.40219.1
Project("{FAE04EC0-301F-11D3-BF4B-00C04F79EFBC}") = "HeatMapDemo", "HeatMapDemo\HeatMapDemo.csproj", "{D4CBB3BB-1B33-40DB-9656-FF13E8CEFC1D}"
EndProject
Global
	GlobalSection(SolutionConfigurationPlatforms) = preSolution
		Debug|Any CPU = Debug|Any CPU
		Release|Any CPU = Release|Any CPU
	EndGlobalSection
	GlobalSection(ProjectConfigurationPlatforms) = postSolution
		{D4CBB3BB-1B33-40DB-9656-FF13E8CEFC1D}.Debug|Any CPU.ActiveCfg = Debug|Any CPU
		{D4CBB3BB-1B33-40DB-9656-FF13E8CEFC1D}.Debug|Any CPU.Build.0 = Debug|Any CPU
		{D4CBB3BB-1B33-40DB-9656-FF13E8CEFC1D}.Release|Any CPU.ActiveCfg = Release|Any CPU
		{D4CBB3BB-1B33-40DB-9656-FF13E8CEFC1D}.Release|Any CPU.Build.0 = Release|Any CPU
	EndGlobalSection
	GlobalSection(SolutionProperties) = preSolution
		HideSolutionNode = FALSE
	EndGlobalSection
	GlobalSection(ExtensibilityGlobals) = postSolution
		SolutionGuid = {4FCC2D11-1BA8-4A17-A2A9-02CF8EFB17C7}
	EndGlobalSection
EndGlobal
