
Microsoft Visual Studio Solution File, Format Version 12.00
# Visual Studio Version 17
VisualStudioVersion = 17.13.35825.156 d17.13
MinimumVisualStudioVersion = 10.0.40219.1
Project("{FAE04EC0-301F-11D3-BF4B-00C04F79EFBC}") = "HeatMapDemo", "HeatMapDemo\HeatMapDemo.csproj", "{72F21D18-3649-4997-9AC5-975285B46F09}"
EndProject
Global
	GlobalSection(SolutionConfigurationPlatforms) = preSolution
		Debug|Any CPU = Debug|Any CPU
		Release|Any CPU = Release|Any CPU
	EndGlobalSection
	GlobalSection(ProjectConfigurationPlatforms) = postSolution
		{72F21D18-3649-4997-9AC5-975285B46F09}.Debug|Any CPU.ActiveCfg = Debug|Any CPU
		{72F21D18-3649-4997-9AC5-975285B46F09}.Debug|Any CPU.Build.0 = Debug|Any CPU
		{72F21D18-3649-4997-9AC5-975285B46F09}.Release|Any CPU.ActiveCfg = Release|Any CPU
		{72F21D18-3649-4997-9AC5-975285B46F09}.Release|Any CPU.Build.0 = Release|Any CPU
	EndGlobalSection
	GlobalSection(SolutionProperties) = preSolution
		HideSolutionNode = FALSE
	EndGlobalSection
	GlobalSection(ExtensibilityGlobals) = postSolution
		SolutionGuid = {5B67D7CA-7F82-46B9-81DA-3FD7EA6EB49F}
	EndGlobalSection
EndGlobal
